{
    "name": "@mcandre/periscope",
    "version": "0.0.1",
    "lockfileVersion": 3,
    "requires": true,
    "packages": {
        "": {
            "name": "@mcandre/periscope",
            "version": "0.0.1",
            "bin": {
                "periscope": "bin/periscope"
            },
            "engines": {
                "node": ">=20.17.0"
            }
        }
    }
}
